PODS:
  - EFAlertController (0.0.1)

DEPENDENCIES:
  - EFAlertController (from `../`)

EXTERNAL SOURCES:
  EFAlertController:
    :path: "../"

SPEC CHECKSUMS:
  EFAlertController: 0d803a2c12b49f226893512903b70dc625d09473

PODFILE CHECKSUM: 1f19751f55dcb8eef71c3374958e4d3bf9d1a5b3

COCOAPODS: 1.2.1
